
Microsoft Visual Studio Solution File, Format Version 12.00
# Visual Studio Version 17
VisualStudioVersion = 17.10.35122.118
MinimumVisualStudioVersion = 10.0.40219.1
Project("{9A19103F-16F7-4668-BE54-9A1E7A4F7556}") = "Lesson 1", "Lesson 1\Lesson 1.csproj", "{E764C168-85AF-4528-A7E5-03A960976C76}"
EndProject
Project("{9A19103F-16F7-4668-BE54-9A1E7A4F7556}") = "Lesson 2", "Lesson 2\Lesson 2.csproj", "{95214E95-10C2-427F-9877-C8ED8AF47443}"
EndProject
Project("{9A19103F-16F7-4668-BE54-9A1E7A4F7556}") = "Lesson 3", "Lesson 3\Lesson 3.csproj", "{85E8AEB5-4295-4F10-8C28-A495B65F2955}"
EndProject
Project("{FAE04EC0-301F-11D3-BF4B-00C04F79EFBC}") = "Lesson 4", "Lesson 4\Lesson 4.csproj", "{94E81FFB-67D6-4BC6-A811-3D89B79C767E}"
EndProject
Project("{FAE04EC0-301F-11D3-BF4B-00C04F79EFBC}") = "Lesson 5", "Lesson 5\Lesson 5.csproj", "{713B349F-BF90-4520-A091-9177B96DA068}"
EndProject
Project("{FAE04EC0-301F-11D3-BF4B-00C04F79EFBC}") = "Lesson 6", "Lesson 6\Lesson 6.csproj", "{5DD4A3D9-DF4E-4895-BFA2-89CBC67E10BD}"
EndProject
Project("{FAE04EC0-301F-11D3-BF4B-00C04F79EFBC}") = "Lesson Tests", "Lesson Tests\Lesson Tests.csproj", "{2071C3AB-749C-489A-A28D-62A395ED0970}"
EndProject
Project("{FAE04EC0-301F-11D3-BF4B-00C04F79EFBC}") = "Utils", "Utils\Utils.csproj", "{4C4431C5-B873-46E9-9521-CA3FE3464C78}"
EndProject
Project("{FAE04EC0-301F-11D3-BF4B-00C04F79EFBC}") = "Lesson 7", "Lesson 7\Lesson 7.csproj", "{D8C000E1-2E5B-401E-9D38-19EAABBE7147}"
EndProject
Project("{FAE04EC0-301F-11D3-BF4B-00C04F79EFBC}") = "Lesson 8", "Lesson 8\Lesson 8.csproj", "{50904E11-AACF-462C-BBA6-80D81CBF822F}"
EndProject
Project("{FAE04EC0-301F-11D3-BF4B-00C04F79EFBC}") = "Lesson 9", "Lesson 9\Lesson 9.csproj", "{7A579EA1-24B2-44A9-8516-57A181D8C31C}"
EndProject
Global
	GlobalSection(SolutionConfigurationPlatforms) = preSolution
		Debug|Any CPU = Debug|Any CPU
		Release|Any CPU = Release|Any CPU
	EndGlobalSection
	GlobalSection(ProjectConfigurationPlatforms) = postSolution
		{E764C168-85AF-4528-A7E5-03A960976C76}.Debug|Any CPU.ActiveCfg = Debug|Any CPU
		{E764C168-85AF-4528-A7E5-03A960976C76}.Debug|Any CPU.Build.0 = Debug|Any CPU
		{E764C168-85AF-4528-A7E5-03A960976C76}.Release|Any CPU.ActiveCfg = Release|Any CPU
		{E764C168-85AF-4528-A7E5-03A960976C76}.Release|Any CPU.Build.0 = Release|Any CPU
		{95214E95-10C2-427F-9877-C8ED8AF47443}.Debug|Any CPU.ActiveCfg = Debug|Any CPU
		{95214E95-10C2-427F-9877-C8ED8AF47443}.Debug|Any CPU.Build.0 = Debug|Any CPU
		{95214E95-10C2-427F-9877-C8ED8AF47443}.Release|Any CPU.ActiveCfg = Release|Any CPU
		{95214E95-10C2-427F-9877-C8ED8AF47443}.Release|Any CPU.Build.0 = Release|Any CPU
		{85E8AEB5-4295-4F10-8C28-A495B65F2955}.Debug|Any CPU.ActiveCfg = Debug|Any CPU
		{85E8AEB5-4295-4F10-8C28-A495B65F2955}.Debug|Any CPU.Build.0 = Debug|Any CPU
		{85E8AEB5-4295-4F10-8C28-A495B65F2955}.Release|Any CPU.ActiveCfg = Release|Any CPU
		{85E8AEB5-4295-4F10-8C28-A495B65F2955}.Release|Any CPU.Build.0 = Release|Any CPU
		{94E81FFB-67D6-4BC6-A811-3D89B79C767E}.Debug|Any CPU.ActiveCfg = Debug|Any CPU
		{94E81FFB-67D6-4BC6-A811-3D89B79C767E}.Debug|Any CPU.Build.0 = Debug|Any CPU
		{94E81FFB-67D6-4BC6-A811-3D89B79C767E}.Release|Any CPU.ActiveCfg = Release|Any CPU
		{94E81FFB-67D6-4BC6-A811-3D89B79C767E}.Release|Any CPU.Build.0 = Release|Any CPU
		{713B349F-BF90-4520-A091-9177B96DA068}.Debug|Any CPU.ActiveCfg = Debug|Any CPU
		{713B349F-BF90-4520-A091-9177B96DA068}.Debug|Any CPU.Build.0 = Debug|Any CPU
		{713B349F-BF90-4520-A091-9177B96DA068}.Release|Any CPU.ActiveCfg = Release|Any CPU
		{713B349F-BF90-4520-A091-9177B96DA068}.Release|Any CPU.Build.0 = Release|Any CPU
		{5DD4A3D9-DF4E-4895-BFA2-89CBC67E10BD}.Debug|Any CPU.ActiveCfg = Debug|Any CPU
		{5DD4A3D9-DF4E-4895-BFA2-89CBC67E10BD}.Debug|Any CPU.Build.0 = Debug|Any CPU
		{5DD4A3D9-DF4E-4895-BFA2-89CBC67E10BD}.Release|Any CPU.ActiveCfg = Release|Any CPU
		{5DD4A3D9-DF4E-4895-BFA2-89CBC67E10BD}.Release|Any CPU.Build.0 = Release|Any CPU
		{2071C3AB-749C-489A-A28D-62A395ED0970}.Debug|Any CPU.ActiveCfg = Debug|Any CPU
		{2071C3AB-749C-489A-A28D-62A395ED0970}.Debug|Any CPU.Build.0 = Debug|Any CPU
		{2071C3AB-749C-489A-A28D-62A395ED0970}.Release|Any CPU.ActiveCfg = Release|Any CPU
		{2071C3AB-749C-489A-A28D-62A395ED0970}.Release|Any CPU.Build.0 = Release|Any CPU
		{4C4431C5-B873-46E9-9521-CA3FE3464C78}.Debug|Any CPU.ActiveCfg = Debug|Any CPU
		{4C4431C5-B873-46E9-9521-CA3FE3464C78}.Debug|Any CPU.Build.0 = Debug|Any CPU
		{4C4431C5-B873-46E9-9521-CA3FE3464C78}.Release|Any CPU.ActiveCfg = Release|Any CPU
		{4C4431C5-B873-46E9-9521-CA3FE3464C78}.Release|Any CPU.Build.0 = Release|Any CPU
		{D8C000E1-2E5B-401E-9D38-19EAABBE7147}.Debug|Any CPU.ActiveCfg = Debug|Any CPU
		{D8C000E1-2E5B-401E-9D38-19EAABBE7147}.Debug|Any CPU.Build.0 = Debug|Any CPU
		{D8C000E1-2E5B-401E-9D38-19EAABBE7147}.Release|Any CPU.ActiveCfg = Release|Any CPU
		{D8C000E1-2E5B-401E-9D38-19EAABBE7147}.Release|Any CPU.Build.0 = Release|Any CPU
		{50904E11-AACF-462C-BBA6-80D81CBF822F}.Debug|Any CPU.ActiveCfg = Debug|Any CPU
		{50904E11-AACF-462C-BBA6-80D81CBF822F}.Debug|Any CPU.Build.0 = Debug|Any CPU
		{50904E11-AACF-462C-BBA6-80D81CBF822F}.Release|Any CPU.ActiveCfg = Release|Any CPU
		{50904E11-AACF-462C-BBA6-80D81CBF822F}.Release|Any CPU.Build.0 = Release|Any CPU
		{7A579EA1-24B2-44A9-8516-57A181D8C31C}.Debug|Any CPU.ActiveCfg = Debug|Any CPU
		{7A579EA1-24B2-44A9-8516-57A181D8C31C}.Debug|Any CPU.Build.0 = Debug|Any CPU
		{7A579EA1-24B2-44A9-8516-57A181D8C31C}.Release|Any CPU.ActiveCfg = Release|Any CPU
		{7A579EA1-24B2-44A9-8516-57A181D8C31C}.Release|Any CPU.Build.0 = Release|Any CPU
	EndGlobalSection
	GlobalSection(SolutionProperties) = preSolution
		HideSolutionNode = FALSE
	EndGlobalSection
	GlobalSection(ExtensibilityGlobals) = postSolution
		SolutionGuid = {9662A188-5B10-48F8-ADDC-02949BC360F3}
	EndGlobalSection
EndGlobal
